# THIS IS AN AUTOGENERATED FILE. DO NOT EDIT THIS FILE DIRECTLY.
# yarn lockfile v1


"@biomejs/biome@^2.4.16":
  version "2.5.3"
  resolved "https://registry.npmjs.org/@biomejs/biome/-/biome-2.5.3.tgz"
  integrity sha512-MrJswFdei9EfDwwUy2tQrPDpK0AO+RmMFvBoaaJ6ayBc3sUbHdCE+XG5N8vp+5So41ZupZJQm0roHFFhMGVD7A==
  optionalDependencies:
    "@biomejs/cli-darwin-arm64" "2.5.3"
    "@biomejs/cli-darwin-x64" "2.5.3"
    "@biomejs/cli-linux-arm64" "2.5.3"
    "@biomejs/cli-linux-arm64-musl" "2.5.3"
    "@biomejs/cli-linux-x64" "2.5.3"
    "@biomejs/cli-linux-x64-musl" "2.5.3"
    "@biomejs/cli-win32-arm64" "2.5.3"
    "@biomejs/cli-win32-x64" "2.5.3"

"@biomejs/cli-linux-x64@2.5.3":
  version "2.5.3"
  resolved "https://registry.npmjs.org/@biomejs/cli-linux-x64/-/cli-linux-x64-2.5.3.tgz"
  integrity sha512-yMkJtilsgvILDcVkh187aVLTb64xYsrxYajx5kym+r1ULkO5HUOfu9AYKLGQbOVLwJtT2utNw7hhFNg+17mUYA==

"@emnapi/runtime@^1.7.1":
  version "1.11.2"
  resolved "https://registry.npmjs.org/@emnapi/runtime/-/runtime-1.11.2.tgz"
  integrity sha512-kyOl3X0DuTiT1h2ft8r2fYO8JYtU9a9Xis/zBSiGArNaagCOWx90N1k2wxp18czFDH+OgcWGb5ZP/XMt3dcyPA==
  dependencies:
    tslib "^2.4.0"

"@esbuild/linux-x64@0.28.1":
  version "0.28.1"
  resolved "https://registry.npmjs.org/@esbuild/linux-x64/-/linux-x64-0.28.1.tgz"
  integrity sha512-u/anNYF2mmVOEDwLtnQ1wOr3EZ9sTNGLWrsYGYwHWzGA3Si84IOkHXlbWTD1NB+9/1lcnweYKO54uhxZydNzfA==

"@gerrit0/mini-shiki@^3.23.0":
  version "3.23.0"
  resolved "https://registry.npmjs.org/@gerrit0/mini-shiki/-/mini-shiki-3.23.0.tgz"
  integrity sha512-bEMORlG0cqdjVyCEuU0cDQbORWX+kYCeo0kV1lbxF5bt4r7SID2l9bqsxJEM0zndaxpOUT7riCyIVEuqq/Ynxg==
  dependencies:
    "@shikijs/engine-oniguruma" "^3.23.0"
    "@shikijs/langs" "^3.23.0"
    "@shikijs/themes" "^3.23.0"
    "@shikijs/types" "^3.23.0"
    "@shikijs/vscode-textmate" "^10.0.2"

"@inquirer/ansi@^2.0.7":
  version "2.0.7"
  resolved "https://registry.npmjs.org/@inquirer/ansi/-/ansi-2.0.7.tgz"
  integrity sha512-3eTuUO1vH2cZm2ZKHeQxnOqlTi9EfZDGgIe3BL3I4u+rJHocr9Fz86M4fjYABPvFnQG/gGK551HqDiIcETwU6Q==

"@inquirer/checkbox@^5.2.1":
  version "5.2.1"
  resolved "https://registry.npmjs.org/@inquirer/checkbox/-/checkbox-5.2.1.tgz"
  integrity sha512-b6xmA/VlTe0ZgDQHDui+Nav470u7u49nRd8/iuhOcQPO9Ch7lGuogydhi2VOmNlZ+zXcM8IcPuNSwQcdJaF/kw==
  dependencies:
    "@inquirer/ansi" "^2.0.7"
    "@inquirer/core" "^11.2.1"
    "@inquirer/figures" "^2.0.7"
    "@inquirer/type" "^4.0.7"

"@inquirer/confirm@^6.1.1":
  version "6.1.1"
  resolved "https://registry.npmjs.org/@inquirer/confirm/-/confirm-6.1.1.tgz"
  integrity sha512-eb8DBZcz/2qHWQda4rk2JiQk5h9QV/cVHi1yjt0f69WFZMRFn0sJTye3EAP8icut8UDMjQPsaH5KbcOogefrFQ==
  dependencies:
    "@inquirer/core" "^11.2.1"
    "@inquirer/type" "^4.0.7"

"@inquirer/core@^11.2.1":
  version "11.2.1"
  resolved "https://registry.npmjs.org/@inquirer/core/-/core-11.2.1.tgz"
  integrity sha512-Qd6GJT1yVyrZZCfN8W2qKF5ApmqryXRhRKCuip8h01x2w/esJQ2XIYc6f9abMIHgKQdBfFTSOdbHRLAhuM09UA==
  dependencies:
    "@inquirer/ansi" "^2.0.7"
    "@inquirer/figures" "^2.0.7"
    "@inquirer/type" "^4.0.7"
    cli-width "^4.1.0"
    fast-wrap-ansi "^0.2.0"
    mute-stream "^3.0.0"
    signal-exit "^4.1.0"

"@inquirer/editor@^5.2.2":
  version "5.2.2"
  resolved "https://registry.npmjs.org/@inquirer/editor/-/editor-5.2.2.tgz"
  integrity sha512-ZRVd/oD+sYsUd5zVm0NflqEzlqfYCyHNsqkHl2oWXEUHs12tCbcSFi+wVFEvD8+LGRaMUsVrE7qeo6lSG/S1Vg==
  dependencies:
    "@inquirer/core" "^11.2.1"
    "@inquirer/external-editor" "^3.0.3"
    "@inquirer/type" "^4.0.7"

"@inquirer/expand@^5.1.1":
  version "5.1.1"
  resolved "https://registry.npmjs.org/@inquirer/expand/-/expand-5.1.1.tgz"
  integrity sha512-YmQpenjbFSHAK3sOd44puHh3V1KXXr+JiNpUztoSQ4drLh2rTVzTap/YtlAVu/5xavifIlBfNEzJ/neZJ1a/1g==
  dependencies:
    "@inquirer/core" "^11.2.1"
    "@inquirer/type" "^4.0.7"

"@inquirer/external-editor@^3.0.3":
  version "3.0.3"
  resolved "https://registry.npmjs.org/@inquirer/external-editor/-/external-editor-3.0.3.tgz"
  integrity sha512-6thf5I8q7lZwzGLAxPaaGEREEkZ3nyePPDQ1oyobblxmEE8mqTLguScP7pDjUTAibiyb4hfXl+qjUEJ+di/aNA==
  dependencies:
    chardet "^2.1.1"
    iconv-lite "^0.7.2"

"@inquirer/figures@^2.0.7":
  version "2.0.7"
  resolved "https://registry.npmjs.org/@inquirer/figures/-/figures-2.0.7.tgz"
  integrity sha512-aJ8TBPOGB6f/2qziPfElISTCEd5XOYTFckA2SGjhNmiKzfK/u4ot3v0DUzGVdUnKjN10EqnnEPck36BkyfLnJw==

"@inquirer/input@^5.1.2":
  version "5.1.2"
  resolved "https://registry.npmjs.org/@inquirer/input/-/input-5.1.2.tgz"
  integrity sha512-9K/DDBSQpOyZSkt6sOVP9Vo0TR7atX2kuILsUu0x3wVcVbe97lJwIJKMLdMw25tDYuXl/qp6erT0Xs1rfmcfZg==
  dependencies:
    "@inquirer/core" "^11.2.1"
    "@inquirer/type" "^4.0.7"

"@inquirer/number@^4.1.1":
  version "4.1.1"
  resolved "https://registry.npmjs.org/@inquirer/number/-/number-4.1.1.tgz"
  integrity sha512-XF4IXAbPnGPgw0wsbC/i2tPcyfdZgDpUlhsqU0SfT4IRIGWha6Xm9VRgN5yYxJq+jnyXlfXI/nQ3ulfk0iEICA==
  dependencies:
    "@inquirer/core" "^11.2.1"
    "@inquirer/type" "^4.0.7"

"@inquirer/password@^5.1.1":
  version "5.1.1"
  resolved "https://registry.npmjs.org/@inquirer/password/-/password-5.1.1.tgz"
  integrity sha512-3XBfF7DAsp5qeDsvN5Rd1HmbNokVvEQoUM0QLrRcybC9nX96w3Pbmu7qUsb3IT3J3jBvs2+mTXaKHOUsgHMLzg==
  dependencies:
    "@inquirer/ansi" "^2.0.7"
    "@inquirer/core" "^11.2.1"
    "@inquirer/type" "^4.0.7"

"@inquirer/prompts@^8.5.2":
  version "8.5.2"
  resolved "https://registry.npmjs.org/@inquirer/prompts/-/prompts-8.5.2.tgz"
  integrity sha512-IYR/3C/paEVVQYQvdDlFZVjRCJVYHHON0XXMH91KO9GSxs0TdKYWlUdvfQl2EfAHDxUaN3IBffkE/BDTh5nJ6g==
  dependencies:
    "@inquirer/checkbox" "^5.2.1"
    "@inquirer/confirm" "^6.1.1"
    "@inquirer/editor" "^5.2.2"
    "@inquirer/expand" "^5.1.1"
    "@inquirer/input" "^5.1.2"
    "@inquirer/number" "^4.1.1"
    "@inquirer/password" "^5.1.1"
    "@inquirer/rawlist" "^5.3.1"
    "@inquirer/search" "^4.2.1"
    "@inquirer/select" "^5.2.1"

"@inquirer/rawlist@^5.3.1":
  version "5.3.1"
  resolved "https://registry.npmjs.org/@inquirer/rawlist/-/rawlist-5.3.1.tgz"
  integrity sha512-QqdTqQddL3qPX/PPrjobpsO25NZ4dWXgTLenrR445L2ptLEYE6Z+PD5c5CNDJNx4ugRgELAIpSIJxZaO2jJ2Og==
  dependencies:
    "@inquirer/core" "^11.2.1"
    "@inquirer/type" "^4.0.7"

"@inquirer/search@^4.2.1":
  version "4.2.1"
  resolved "https://registry.npmjs.org/@inquirer/search/-/search-4.2.1.tgz"
  integrity sha512-xJj8QWKRSrfKoBIITLZK61dD3zwo0Rz11fgDImku30/Oe81zMdIdGgrLY2h6RkJ+KZ/GhNYIRMKnH/62qBTA5g==
  dependencies:
    "@inquirer/core" "^11.2.1"
    "@inquirer/figures" "^2.0.7"
    "@inquirer/type" "^4.0.7"

"@inquirer/select@^5.2.1":
  version "5.2.1"
  resolved "https://registry.npmjs.org/@inquirer/select/-/select-5.2.1.tgz"
  integrity sha512-FlDndEUww8m7BfukO2nJa25vhD+H5jxxCv4oGioKqzyWz3nPHhhw4LKdYRSlXuAx7DsdWia7iyaBPKKS95Evfw==
  dependencies:
    "@inquirer/ansi" "^2.0.7"
    "@inquirer/core" "^11.2.1"
    "@inquirer/figures" "^2.0.7"
    "@inquirer/type" "^4.0.7"

"@inquirer/type@^4.0.7":
  version "4.0.7"
  resolved "https://registry.npmjs.org/@inquirer/type/-/type-4.0.7.tgz"
  integrity sha512-t28inv14nMQ1PhKpsJPY+kEs/c00qzeCOS2gTNRyTjG5d6qsVA2fItxW4hkvGZ5lvanGLdtCzVIx5dwdRpN1+g==

"@napi-rs/cli@^3.7.0":
  version "3.7.2"
  resolved "https://registry.npmjs.org/@napi-rs/cli/-/cli-3.7.2.tgz"
  integrity sha512-shDW0Td/XZQpP04Yy+OsMt1ILMKGGkoLcy1zVAsSAK0fLfWm0Upgkmfs/NOV2ZhMQwkgpR3ZEdyHmTwgrUDQuA==
  dependencies:
    "@inquirer/prompts" "^8.5.2"
    "@napi-rs/cross-toolchain" "^1.0.3"
    "@napi-rs/wasm-tools" "^1.0.1"
    "@octokit/rest" "^22.0.1"
    clipanion "^4.0.0-rc.4"
    colorette "^2.0.20"
    emnapi "^1.11.1"
    es-toolkit "^1.47.0"
    js-yaml "^4.2.0"
    obug "^2.1.2"
    semver "^7.8.2"
    typanion "^3.14.0"

"@napi-rs/cross-toolchain@^1.0.3":
  version "1.0.3"
  resolved "https://registry.npmjs.org/@napi-rs/cross-toolchain/-/cross-toolchain-1.0.3.tgz"
  integrity sha512-ENPfLe4937bsKVTDA6zdABx4pq9w0tHqRrJHyaGxgaPq03a2Bd1unD5XSKjXJjebsABJ+MjAv1A2OvCgK9yehg==
  dependencies:
    "@napi-rs/lzma" "^1.4.5"
    "@napi-rs/tar" "^1.1.0"
    debug "^4.4.1"

"@napi-rs/lzma-linux-x64-gnu@1.4.5":
  version "1.4.5"
  resolved "https://registry.npmjs.org/@napi-rs/lzma-linux-x64-gnu/-/lzma-linux-x64-gnu-1.4.5.tgz"
  integrity sha512-6rMtBgnIq2Wcl1rQdZsnM+rtCcVCbws1nF8S2NzaUsVaZv8bjrPiAa0lwg4Eqnn1d9lgwqT+cZgm5m+//K08Kw==

"@napi-rs/lzma@^1.4.5":
  version "1.4.5"
  resolved "https://registry.npmjs.org/@napi-rs/lzma/-/lzma-1.4.5.tgz"
  integrity sha512-zS5LuN1OBPAyZpda2ZZgYOEDC+xecUdAGnrvbYzjnLXkrq/OBC3B9qcRvlxbDR3k5H/gVfvef1/jyUqPknqjbg==
  optionalDependencies:
    "@napi-rs/lzma-android-arm-eabi" "1.4.5"
    "@napi-rs/lzma-android-arm64" "1.4.5"
    "@napi-rs/lzma-darwin-arm64" "1.4.5"
    "@napi-rs/lzma-darwin-x64" "1.4.5"
    "@napi-rs/lzma-freebsd-x64" "1.4.5"
    "@napi-rs/lzma-linux-arm-gnueabihf" "1.4.5"
    "@napi-rs/lzma-linux-arm64-gnu" "1.4.5"
    "@napi-rs/lzma-linux-arm64-musl" "1.4.5"
    "@napi-rs/lzma-linux-ppc64-gnu" "1.4.5"
    "@napi-rs/lzma-linux-riscv64-gnu" "1.4.5"
    "@napi-rs/lzma-linux-s390x-gnu" "1.4.5"
    "@napi-rs/lzma-linux-x64-gnu" "1.4.5"
    "@napi-rs/lzma-linux-x64-musl" "1.4.5"
    "@napi-rs/lzma-wasm32-wasi" "1.4.5"
    "@napi-rs/lzma-win32-arm64-msvc" "1.4.5"
    "@napi-rs/lzma-win32-ia32-msvc" "1.4.5"
    "@napi-rs/lzma-win32-x64-msvc" "1.4.5"

"@napi-rs/tar-linux-x64-gnu@1.1.0":
  version "1.1.0"
  resolved "https://registry.npmjs.org/@napi-rs/tar-linux-x64-gnu/-/tar-linux-x64-gnu-1.1.0.tgz"
  integrity sha512-tbZDHnb9617lTnsDMGo/eAMZxnsQFnaRe+MszRqHguKfMwkisc9CCJnks/r1o84u5fECI+J/HOrKXgczq/3Oww==

"@napi-rs/tar@^1.1.0":
  version "1.1.0"
  resolved "https://registry.npmjs.org/@napi-rs/tar/-/tar-1.1.0.tgz"
  integrity sha512-7cmzIu+Vbupriudo7UudoMRH2OA3cTw67vva8MxeoAe5S7vPFI7z0vp0pMXiA25S8IUJefImQ90FeJjl8fjEaQ==
  optionalDependencies:
    "@napi-rs/tar-android-arm-eabi" "1.1.0"
    "@napi-rs/tar-android-arm64" "1.1.0"
    "@napi-rs/tar-darwin-arm64" "1.1.0"
    "@napi-rs/tar-darwin-x64" "1.1.0"
    "@napi-rs/tar-freebsd-x64" "1.1.0"
    "@napi-rs/tar-linux-arm-gnueabihf" "1.1.0"
    "@napi-rs/tar-linux-arm64-gnu" "1.1.0"
    "@napi-rs/tar-linux-arm64-musl" "1.1.0"
    "@napi-rs/tar-linux-ppc64-gnu" "1.1.0"
    "@napi-rs/tar-linux-s390x-gnu" "1.1.0"
    "@napi-rs/tar-linux-x64-gnu" "1.1.0"
    "@napi-rs/tar-linux-x64-musl" "1.1.0"
    "@napi-rs/tar-wasm32-wasi" "1.1.0"
    "@napi-rs/tar-win32-arm64-msvc" "1.1.0"
    "@napi-rs/tar-win32-ia32-msvc" "1.1.0"
    "@napi-rs/tar-win32-x64-msvc" "1.1.0"

"@napi-rs/wasm-tools-linux-x64-gnu@1.0.1":
  version "1.0.1"
  resolved "https://registry.npmjs.org/@napi-rs/wasm-tools-linux-x64-gnu/-/wasm-tools-linux-x64-gnu-1.0.1.tgz"
  integrity sha512-Plgk5rPqqK2nocBGajkMVbGm010Z7dnUgq0wtnYRZbzWWxwWcXfZMPa8EYxrK4eE8SzpI7VlZP1tdVsdjgGwMw==

"@napi-rs/wasm-tools@^1.0.1":
  version "1.0.1"
  resolved "https://registry.npmjs.org/@napi-rs/wasm-tools/-/wasm-tools-1.0.1.tgz"
  integrity sha512-enkZYyuCdo+9jneCPE/0fjIta4wWnvVN9hBo2HuiMpRF0q3lzv1J6b/cl7i0mxZUKhBrV3aCKDBQnCOhwKbPmQ==
  optionalDependencies:
    "@napi-rs/wasm-tools-android-arm-eabi" "1.0.1"
    "@napi-rs/wasm-tools-android-arm64" "1.0.1"
    "@napi-rs/wasm-tools-darwin-arm64" "1.0.1"
    "@napi-rs/wasm-tools-darwin-x64" "1.0.1"
    "@napi-rs/wasm-tools-freebsd-x64" "1.0.1"
    "@napi-rs/wasm-tools-linux-arm64-gnu" "1.0.1"
    "@napi-rs/wasm-tools-linux-arm64-musl" "1.0.1"
    "@napi-rs/wasm-tools-linux-x64-gnu" "1.0.1"
    "@napi-rs/wasm-tools-linux-x64-musl" "1.0.1"
    "@napi-rs/wasm-tools-wasm32-wasi" "1.0.1"
    "@napi-rs/wasm-tools-win32-arm64-msvc" "1.0.1"
    "@napi-rs/wasm-tools-win32-ia32-msvc" "1.0.1"
    "@napi-rs/wasm-tools-win32-x64-msvc" "1.0.1"

"@octokit/auth-token@^6.0.0":
  version "6.0.0"
  resolved "https://registry.npmjs.org/@octokit/auth-token/-/auth-token-6.0.0.tgz"
  integrity sha512-P4YJBPdPSpWTQ1NU4XYdvHvXJJDxM6YwpS0FZHRgP7YFkdVxsWcpWGy/NVqlAA7PcPCnMacXlRm1y2PFZRWL/w==

"@octokit/core@^7.0.6", "@octokit/core@>=6":
  version "7.0.6"
  resolved "https://registry.npmjs.org/@octokit/core/-/core-7.0.6.tgz"
  integrity sha512-DhGl4xMVFGVIyMwswXeyzdL4uXD5OGILGX5N8Y+f6W7LhC1Ze2poSNrkF/fedpVDHEEZ+PHFW0vL14I+mm8K3Q==
  dependencies:
    "@octokit/auth-token" "^6.0.0"
    "@octokit/graphql" "^9.0.3"
    "@octokit/request" "^10.0.6"
    "@octokit/request-error" "^7.0.2"
    "@octokit/types" "^16.0.0"
    before-after-hook "^4.0.0"
    universal-user-agent "^7.0.0"

"@octokit/endpoint@^11.0.3":
  version "11.0.3"
  resolved "https://registry.npmjs.org/@octokit/endpoint/-/endpoint-11.0.3.tgz"
  integrity sha512-FWFlNxghg4HrXkD3ifYbS/IdL/mDHjh9QcsNyhQjN8dplUoZbejsdpmuqdA76nxj2xoWPs7p8uX2SNr9rYu0Ag==
  dependencies:
    "@octokit/types" "^16.0.0"
    universal-user-agent "^7.0.2"

"@octokit/graphql@^9.0.3":
  version "9.0.3"
  resolved "https://registry.npmjs.org/@octokit/graphql/-/graphql-9.0.3.tgz"
  integrity sha512-grAEuupr/C1rALFnXTv6ZQhFuL1D8G5y8CN04RgrO4FIPMrtm+mcZzFG7dcBm+nq+1ppNixu+Jd78aeJOYxlGA==
  dependencies:
    "@octokit/request" "^10.0.6"
    "@octokit/types" "^16.0.0"
    universal-user-agent "^7.0.0"

"@octokit/openapi-types@^27.0.0":
  version "27.0.0"
  resolved "https://registry.npmjs.org/@octokit/openapi-types/-/openapi-types-27.0.0.tgz"
  integrity sha512-whrdktVs1h6gtR+09+QsNk2+FO+49j6ga1c55YZudfEG+oKJVvJLQi3zkOm5JjiUXAagWK2tI2kTGKJ2Ys7MGA==

"@octokit/plugin-paginate-rest@^14.0.0":
  version "14.0.0"
  resolved "https://registry.npmjs.org/@octokit/plugin-paginate-rest/-/plugin-paginate-rest-14.0.0.tgz"
  integrity sha512-fNVRE7ufJiAA3XUrha2omTA39M6IXIc6GIZLvlbsm8QOQCYvpq/LkMNGyFlB1d8hTDzsAXa3OKtybdMAYsV/fw==
  dependencies:
    "@octokit/types" "^16.0.0"

"@octokit/plugin-request-log@^6.0.0":
  version "6.0.0"
  resolved "https://registry.npmjs.org/@octokit/plugin-request-log/-/plugin-request-log-6.0.0.tgz"
  integrity sha512-UkOzeEN3W91/eBq9sPZNQ7sUBvYCqYbrrD8gTbBuGtHEuycE4/awMXcYvx6sVYo7LypPhmQwwpUe4Yyu4QZN5Q==

"@octokit/plugin-rest-endpoint-methods@^17.0.0":
  version "17.0.0"
  resolved "https://registry.npmjs.org/@octokit/plugin-rest-endpoint-methods/-/plugin-rest-endpoint-methods-17.0.0.tgz"
  integrity sha512-B5yCyIlOJFPqUUeiD0cnBJwWJO8lkJs5d8+ze9QDP6SvfiXSz1BF+91+0MeI1d2yxgOhU/O+CvtiZ9jSkHhFAw==
  dependencies:
    "@octokit/types" "^16.0.0"

"@octokit/request-error@^7.0.2":
  version "7.1.0"
  resolved "https://registry.npmjs.org/@octokit/request-error/-/request-error-7.1.0.tgz"
  integrity sha512-KMQIfq5sOPpkQYajXHwnhjCC0slzCNScLHs9JafXc4RAJI+9f+jNDlBNaIMTvazOPLgb4BnlhGJOTbnN0wIjPw==
  dependencies:
    "@octokit/types" "^16.0.0"

"@octokit/request@^10.0.6":
  version "10.0.11"
  resolved "https://registry.npmjs.org/@octokit/request/-/request-10.0.11.tgz"
  integrity sha512-+s7HUxjfFqOMS9VlIwDffq0MikjSAK0gSpG73W+meAvVAvX4MBrHYTK5Bj3Uot55qFT4gzUtfzE4mGWY4Br8/Q==
  dependencies:
    "@octokit/endpoint" "^11.0.3"
    "@octokit/request-error" "^7.0.2"
    "@octokit/types" "^16.0.0"
    content-type "^2.0.0"
    json-with-bigint "^3.5.3"
    universal-user-agent "^7.0.2"

"@octokit/rest@^22.0.1":
  version "22.0.1"
  resolved "https://registry.npmjs.org/@octokit/rest/-/rest-22.0.1.tgz"
  integrity sha512-Jzbhzl3CEexhnivb1iQ0KJ7s5vvjMWcmRtq5aUsKmKDrRW6z3r84ngmiFKFvpZjpiU/9/S6ITPFRpn5s/3uQJw==
  dependencies:
    "@octokit/core" "^7.0.6"
    "@octokit/plugin-paginate-rest" "^14.0.0"
    "@octokit/plugin-request-log" "^6.0.0"
    "@octokit/plugin-rest-endpoint-methods" "^17.0.0"

"@octokit/types@^16.0.0":
  version "16.0.0"
  resolved "https://registry.npmjs.org/@octokit/types/-/types-16.0.0.tgz"
  integrity sha512-sKq+9r1Mm4efXW1FCk7hFSeJo4QKreL/tTbR0rz/qx/r1Oa2VV83LTA/H/MuCOX7uCIJmQVRKBcbmWoySjAnSg==
  dependencies:
    "@octokit/openapi-types" "^27.0.0"

"@shikijs/engine-oniguruma@^3.23.0":
  version "3.23.0"
  resolved "https://registry.npmjs.org/@shikijs/engine-oniguruma/-/engine-oniguruma-3.23.0.tgz"
  integrity sha512-1nWINwKXxKKLqPibT5f4pAFLej9oZzQTsby8942OTlsJzOBZ0MWKiwzMsd+jhzu8YPCHAswGnnN1YtQfirL35g==
  dependencies:
    "@shikijs/types" "3.23.0"
    "@shikijs/vscode-textmate" "^10.0.2"

"@shikijs/langs@^3.23.0":
  version "3.23.0"
  resolved "https://registry.npmjs.org/@shikijs/langs/-/langs-3.23.0.tgz"
  integrity sha512-2Ep4W3Re5aB1/62RSYQInK9mM3HsLeB91cHqznAJMuylqjzNVAVCMnNWRHFtcNHXsoNRayP9z1qj4Sq3nMqYXg==
  dependencies:
    "@shikijs/types" "3.23.0"

"@shikijs/themes@^3.23.0":
  version "3.23.0"
  resolved "https://registry.npmjs.org/@shikijs/themes/-/themes-3.23.0.tgz"
  integrity sha512-5qySYa1ZgAT18HR/ypENL9cUSGOeI2x+4IvYJu4JgVJdizn6kG4ia5Q1jDEOi7gTbN4RbuYtmHh0W3eccOrjMA==
  dependencies:
    "@shikijs/types" "3.23.0"

"@shikijs/types@^3.23.0", "@shikijs/types@3.23.0":
  version "3.23.0"
  resolved "https://registry.npmjs.org/@shikijs/types/-/types-3.23.0.tgz"
  integrity sha512-3JZ5HXOZfYjsYSk0yPwBrkupyYSLpAE26Qc0HLghhZNGTZg/SKxXIIgoxOpmmeQP0RRSDJTk1/vPfw9tbw+jSQ==
  dependencies:
    "@shikijs/vscode-textmate" "^10.0.2"
    "@types/hast" "^3.0.4"

"@shikijs/vscode-textmate@^10.0.2":
  version "10.0.2"
  resolved "https://registry.npmjs.org/@shikijs/vscode-textmate/-/vscode-textmate-10.0.2.tgz"
  integrity sha512-83yeghZ2xxin3Nj8z1NMd/NCuca+gsYXswywDy5bHvwlWL8tpTQmzGeUuHd9FC3E/SBEMvzJRwWEOz5gGes9Qg==

"@types/chance@^1.1.8":
  version "1.1.8"
  resolved "https://registry.npmjs.org/@types/chance/-/chance-1.1.8.tgz"
  integrity sha512-isycXjm4a88/zl3n9lfgMcEClR9wUi+m72lkE9MvEbkgZDQrKzolWbonBiUqDNAJFIwO9GKjzmJFq79qtKVTAQ==

"@types/hast@^3.0.4":
  version "3.0.4"
  resolved "https://registry.npmjs.org/@types/hast/-/hast-3.0.4.tgz"
  integrity sha512-WPs+bbQw5aCj+x6laNGWLH3wviHtoCv/P3+otBhbOhJgG8qtpdAMlTCxLtsTWA7LH1Oh/bFCHsBn0TPS5m30EQ==
  dependencies:
    "@types/unist" "*"

"@types/node@^25.9.1", "@types/node@>=18":
  version "25.9.5"
  resolved "https://registry.npmjs.org/@types/node/-/node-25.9.5.tgz"
  integrity sha512-OScDchr2fwuUmWdf4kZ9h7PcJiYDVInhJizG/biAq3cAvqwYktuy/TYGGdZNMtNTFUP7rnb0NU4TUdm82kt4Rg==
  dependencies:
    undici-types ">=7.24.0 <7.24.7"

"@types/unist@*":
  version "3.0.3"
  resolved "https://registry.npmjs.org/@types/unist/-/unist-3.0.3.tgz"
  integrity sha512-ko/gIFJRv177XgZsZcBwnqJN5x/Gien8qNOn0D5bQU/zAzVf9Zt3BlcUiLqhV9y4ARk0GbT3tnUiPNgnTXzc/Q==

argparse@^2.0.1:
  version "2.0.1"
  resolved "https://registry.npmjs.org/argparse/-/argparse-2.0.1.tgz"
  integrity sha512-8+9WqebbFzpX9OR+Wa6O29asIogeRMzcGtAINdpMHHyAg10f05aSFVBbcEqGf/PXw1EjAZ+q2/bEBg3DvurK3Q==

balanced-match@^4.0.2:
  version "4.0.4"
  resolved "https://registry.npmjs.org/balanced-match/-/balanced-match-4.0.4.tgz"
  integrity sha512-BLrgEcRTwX2o6gGxGOCNyMvGSp35YofuYzw9h1IMTRmKqttAZZVU67bdb9Pr2vUHA8+j3i2tJfjO6C6+4myGTA==

before-after-hook@^4.0.0:
  version "4.0.0"
  resolved "https://registry.npmjs.org/before-after-hook/-/before-after-hook-4.0.0.tgz"
  integrity sha512-q6tR3RPqIB1pMiTRMFcZwuG5T8vwp+vUvEG0vuI6B+Rikh5BfPp2fQ82c925FOs+b0lcFQ8CFrL+KbilfZFhOQ==

"benches@file:/home/runner/work/nodejs-polars/nodejs-polars/benches":
  resolved "file:benches"
  dependencies:
    lodash "^4.17.21"
    ramda "^0.27.1"

brace-expansion@^5.0.5:
  version "5.0.7"
  resolved "https://registry.npmjs.org/brace-expansion/-/brace-expansion-5.0.7.tgz"
  integrity sha512-7oFy703dxfY3/NLxC1fh2SUCQ0H9rmAY+5EpDVfXjUTTs+HEwR2nYaqLv+GWcTsumwxPfiz6CzCNkwXwBUwqCA==
  dependencies:
    balanced-match "^4.0.2"

chance@^1.1.13:
  version "1.1.13"
  resolved "https://registry.npmjs.org/chance/-/chance-1.1.13.tgz"
  integrity sha512-V6lQCljcLznE7tUYUM9EOAnnKXbctE6j/rdQkYOHIWbfGQbrzTsAXNW9CdU5XCo4ArXQCj/rb6HgxPlmGJcaUg==

chardet@^2.1.1:
  version "2.2.0"
  resolved "https://registry.npmjs.org/chardet/-/chardet-2.2.0.tgz"
  integrity sha512-rddelWYNPRrXq6PtNEN2S3f6t9ILzvqaN5pVgi4kqt9jHQaXIial9PznB5iSPVlQSLNaaH22ItWz3EJtQ10+OA==

cli-width@^4.1.0:
  version "4.1.0"
  resolved "https://registry.npmjs.org/cli-width/-/cli-width-4.1.0.tgz"
  integrity sha512-ouuZd4/dm2Sw5Gmqy6bGyNNNe1qt9RpmxveLSO7KcgsTnU7RXfsw+/bukWGo1abgBiMAic068rclZsO4IWmmxQ==

clipanion@^4.0.0-rc.4:
  version "4.0.0-rc.4"
  resolved "https://registry.npmjs.org/clipanion/-/clipanion-4.0.0-rc.4.tgz"
  integrity sha512-CXkMQxU6s9GklO/1f714dkKBMu1lopS1WFF0B8o4AxPykR1hpozxSiUZ5ZUeBjfPgCWqbcNOtZVFhB8Lkfp1+Q==
  dependencies:
    typanion "^3.8.0"

colorette@^2.0.20:
  version "2.0.20"
  resolved "https://registry.npmjs.org/colorette/-/colorette-2.0.20.tgz"
  integrity sha512-IfEDxwoWIjkeXL1eXcDiow4UbKjhLdq6/EuSVR9GMN7KVH3r9gQ83e73hsz1Nd1T3ijd5xv1wcWRYO+D6kCI2w==

content-type@^2.0.0:
  version "2.0.0"
  resolved "https://registry.npmjs.org/content-type/-/content-type-2.0.0.tgz"
  integrity sha512-j/O/d7GcZCyNl7/hwZAb606rzqkyvaDctLmckbxLzHvFBzTJHuGEdodATcP3yIRoDrLHkIATJuvzbFlp/ki2cQ==

debug@^4.4.1:
  version "4.4.3"
  resolved "https://registry.npmjs.org/debug/-/debug-4.4.3.tgz"
  integrity sha512-RGwwWnwQvkVfavKVt22FGLw+xYSdzARwm0ru6DhTVA3umU5hZc28V3kO4stgYryrTlLpuvgI9GiijltAjNbcqA==
  dependencies:
    ms "^2.1.3"

emnapi@^1.11.1:
  version "1.11.2"
  resolved "https://registry.npmjs.org/emnapi/-/emnapi-1.11.2.tgz"
  integrity sha512-iMt/XQc69fFn2EvcU6tm14HmXKwyy0lnABugsQlqp6xFuZIUuO+ONVSg2mz+MTVF8WbC+bic65AvRXdoldALKg==

entities@^4.5.0:
  version "4.5.0"
  resolved "https://registry.npmjs.org/entities/-/entities-4.5.0.tgz"
  integrity sha512-V0hjH4dGPh9Ao5p0MoRY6BVqtwCjhz6vI5LT8AJ55H+4g9/4vbHx1I54fS0XuclLhDHArPQCiMjDxjaL8fPxhw==

es-toolkit@^1.47.0:
  version "1.49.0"
  resolved "https://registry.npmjs.org/es-toolkit/-/es-toolkit-1.49.0.tgz"
  integrity sha512-G5iZ6Pc/FNRY/soKZHC+TxGDD83rHUDXxzaWhGCX44vAv/tMs56WMusnm/KMNK+luUPsgA9U28cGr4RDlSzL2g==

esbuild@~0.28.0:
  version "0.28.1"
  resolved "https://registry.npmjs.org/esbuild/-/esbuild-0.28.1.tgz"
  integrity sha512-HrJrvZv5ayxBzPfwphOoNzkzOIIlifzk0KJrGK2c8R4+LKpMtpYLQeUdjnwjWv/LZlkH2laZk+4w78pi99D4Vw==
  optionalDependencies:
    "@esbuild/aix-ppc64" "0.28.1"
    "@esbuild/android-arm" "0.28.1"
    "@esbuild/android-arm64" "0.28.1"
    "@esbuild/android-x64" "0.28.1"
    "@esbuild/darwin-arm64" "0.28.1"
    "@esbuild/darwin-x64" "0.28.1"
    "@esbuild/freebsd-arm64" "0.28.1"
    "@esbuild/freebsd-x64" "0.28.1"
    "@esbuild/linux-arm" "0.28.1"
    "@esbuild/linux-arm64" "0.28.1"
    "@esbuild/linux-ia32" "0.28.1"
    "@esbuild/linux-loong64" "0.28.1"
    "@esbuild/linux-mips64el" "0.28.1"
    "@esbuild/linux-ppc64" "0.28.1"
    "@esbuild/linux-riscv64" "0.28.1"
    "@esbuild/linux-s390x" "0.28.1"
    "@esbuild/linux-x64" "0.28.1"
    "@esbuild/netbsd-arm64" "0.28.1"
    "@esbuild/netbsd-x64" "0.28.1"
    "@esbuild/openbsd-arm64" "0.28.1"
    "@esbuild/openbsd-x64" "0.28.1"
    "@esbuild/openharmony-arm64" "0.28.1"
    "@esbuild/sunos-x64" "0.28.1"
    "@esbuild/win32-arm64" "0.28.1"
    "@esbuild/win32-ia32" "0.28.1"
    "@esbuild/win32-x64" "0.28.1"

fast-string-truncated-width@^3.0.2:
  version "3.0.3"
  resolved "https://registry.npmjs.org/fast-string-truncated-width/-/fast-string-truncated-width-3.0.3.tgz"
  integrity sha512-0jjjIEL6+0jag3l2XWWizO64/aZVtpiGE3t0Zgqxv0DPuxiMjvB3M24fCyhZUO4KomJQPj3LTSUnDP3GpdwC0g==

fast-string-width@^3.0.2:
  version "3.0.2"
  resolved "https://registry.npmjs.org/fast-string-width/-/fast-string-width-3.0.2.tgz"
  integrity sha512-gX8LrtNEI5hq8DVUfRQMbr5lpaS4nMIWV+7XEbXk2b8kiQIizgnlr12B4dA3ZEx3308ze0O4Q1R+cHts8kyUJg==
  dependencies:
    fast-string-truncated-width "^3.0.2"

fast-wrap-ansi@^0.2.0:
  version "0.2.2"
  resolved "https://registry.npmjs.org/fast-wrap-ansi/-/fast-wrap-ansi-0.2.2.tgz"
  integrity sha512-7F2Fl+TjRSenLqlU3UjSH0iyqopqoZIu7eZVpEirP2g1GtWa2G/ecEmBdgz31+Mxr+ELclgg6sokpSFIQiZ02Q==
  dependencies:
    fast-string-width "^3.0.2"

iconv-lite@^0.7.2:
  version "0.7.3"
  resolved "https://registry.npmjs.org/iconv-lite/-/iconv-lite-0.7.3.tgz"
  integrity sha512-IKXpvIzjnC9XTAUbVBcMfGS0EPaIXtW6v+zr+RRp+hqULEpo0owZax6wyRwPOJbWbzjYspQwusTsfVr0ifh4uQ==
  dependencies:
    safer-buffer ">= 2.1.2 < 3.0.0"

js-yaml@^4.2.0:
  version "4.3.0"
  resolved "https://registry.npmjs.org/js-yaml/-/js-yaml-4.3.0.tgz"
  integrity sha512-1td788aAnnZ5qs7V2QIRl1owjtYpbKt749Y3xauqQgwIIGF/xXWz1wMTEBx5O3LK3lXLVuqXPdPxj2BoFHaW9Q==
  dependencies:
    argparse "^2.0.1"

json-with-bigint@^3.5.3:
  version "3.5.8"
  resolved "https://registry.npmjs.org/json-with-bigint/-/json-with-bigint-3.5.8.tgz"
  integrity sha512-eq/4KP6K34kwa7TcFdtvnftvHCD9KvHOGGICWwMFc4dOOKF5t4iYqnfLK8otCRCRv06FXOzGGyqE8h8ElMvvdw==

linkify-it@^5.0.2:
  version "5.0.2"
  resolved "https://registry.npmjs.org/linkify-it/-/linkify-it-5.0.2.tgz"
  integrity sha512-ONTm2jCMAVZjgQa/Fy1kScXsuOoF5NPTsoFBdE1KVIZ2vAh/r9+Bqo+0jINCBYnavTPQZz38QzFTme79ENoN3Q==
  dependencies:
    uc.micro "^2.0.0"

lodash@^4.17.21:
  version "4.18.1"
  resolved "https://registry.npmjs.org/lodash/-/lodash-4.18.1.tgz"
  integrity sha512-dMInicTPVE8d1e5otfwmmjlxkZoUpiVLwyeTdUsi/Caj/gfzzblBcCE5sRHV/AsjuCmxWrte2TNGSYuCeCq+0Q==

lunr@^2.3.9:
  version "2.3.9"
  resolved "https://registry.npmjs.org/lunr/-/lunr-2.3.9.tgz"
  integrity sha512-zTU3DaZaF3Rt9rhN3uBMGQD3dD2/vFQqnvZCDv4dl5iOzq2IZQqTxu90r4E5J+nP70J3ilqVCrbho2eWaeW8Ow==

markdown-it@^14.3.0:
  version "14.3.0"
  resolved "https://registry.npmjs.org/markdown-it/-/markdown-it-14.3.0.tgz"
  integrity sha512-RCEsPjR+sr0x+AuYp601tKTkgFG4YEPLCzHST3cQ/fhlJkqAkz1L2/Qbp1j9qw5SBwQHFBoW8+hoN5xssOF0Tw==
  dependencies:
    argparse "^2.0.1"
    entities "^4.5.0"
    linkify-it "^5.0.2"
    mdurl "^2.0.0"
    punycode.js "^2.3.1"
    uc.micro "^2.1.0"

mdurl@^2.0.0:
  version "2.0.0"
  resolved "https://registry.npmjs.org/mdurl/-/mdurl-2.0.0.tgz"
  integrity sha512-Lf+9+2r+Tdp5wXDXC4PcIBjTDtq4UKjCPMQhKIuzpJNW0b96kVqSwW0bT7FhRSfmAiFYgP+SCRvdrDozfh0U5w==

minimatch@^10.2.5:
  version "10.2.5"
  resolved "https://registry.npmjs.org/minimatch/-/minimatch-10.2.5.tgz"
  integrity sha512-MULkVLfKGYDFYejP07QOurDLLQpcjk7Fw+7jXS2R2czRQzR56yHRveU5NDJEOviH+hETZKSkIk5c+T23GjFUMg==
  dependencies:
    brace-expansion "^5.0.5"

ms@^2.1.3:
  version "2.1.3"
  resolved "https://registry.npmjs.org/ms/-/ms-2.1.3.tgz"
  integrity sha512-6FlzubTLZG3J2a/NVCAleEhjzq5oxgHyaCU9yYXvcLsvoVaHJq/s5xXI6/XXP6tz7R9xAOtHnSO/tXtF3WRTlA==

mute-stream@^3.0.0:
  version "3.0.0"
  resolved "https://registry.npmjs.org/mute-stream/-/mute-stream-3.0.0.tgz"
  integrity sha512-dkEJPVvun4FryqBmZ5KhDo0K9iDXAwn08tMLDinNdRBNPcYEDiWYysLcc6k3mjTMlbP9KyylvRpd4wFtwrT9rw==

obug@^2.1.2:
  version "2.1.3"
  resolved "https://registry.npmjs.org/obug/-/obug-2.1.3.tgz"
  integrity sha512-9miFgM2OFba7hB+pRgvtV84pYTBaoTHohvmIgiRt6dRIzbwEOIaNaP+dIlGs2fNFoB0SeISs0Jz5WFVRid6Xyg==

punycode.js@^2.3.1:
  version "2.3.1"
  resolved "https://registry.npmjs.org/punycode.js/-/punycode.js-2.3.1.tgz"
  integrity sha512-uxFIHU0YlHYhDQtV4R9J6a52SLx28BCjT+4ieh7IGbgwVJWO+km431c4yRlREUAsAmt/uMjQUyQHNEPf0M39CA==

ramda@^0.27.1:
  version "0.27.2"
  resolved "https://registry.npmjs.org/ramda/-/ramda-0.27.2.tgz"
  integrity sha512-SbiLPU40JuJniHexQSAgad32hfwd+DRUdwF2PlVuI5RZD0/vahUco7R8vD86J/tcEKKF9vZrUVwgtmGCqlCKyA==

"safer-buffer@>= 2.1.2 < 3.0.0":
  version "2.1.2"
  resolved "https://registry.npmjs.org/safer-buffer/-/safer-buffer-2.1.2.tgz"
  integrity sha512-YZo3K82SD7Riyi0E1EQPojLz7kpepnSQI9IyPbHHg1XXXevb5dJI7tpyN2ADxGcQbHG7vcyRHk0cbwqcQriUtg==

semver@^7.8.2:
  version "7.8.5"
  resolved "https://registry.npmjs.org/semver/-/semver-7.8.5.tgz"
  integrity sha512-Y7/KDsb8LjooZpwaqGyulO6DQlksgCncchHGk+sZIY4SBvUocMBEFH5Ur1fI4dV+Jvl0w6cjvucaIi40puRioA==

signal-exit@^4.1.0:
  version "4.1.0"
  resolved "https://registry.npmjs.org/signal-exit/-/signal-exit-4.1.0.tgz"
  integrity sha512-bzyZ1e88w9O1iNJbKnOlvYTrWPDl46O1bG0D3XInv+9tkPrxrN8jUUTiFlDkkmKWgn1M6CfIA13SuGqOa9Korw==

tslib@^2.4.0:
  version "2.8.1"
  resolved "https://registry.npmjs.org/tslib/-/tslib-2.8.1.tgz"
  integrity sha512-oJFu94HQb+KVduSUQL7wnpmqnfmLsOA/nAh6b6EH0wCEoK0/mPeXU6c3wKDV83MkOuHPRHtSXKKU99IBazS/2w==

tsx@^4.22.4:
  version "4.23.0"
  resolved "https://registry.npmjs.org/tsx/-/tsx-4.23.0.tgz"
  integrity sha512-eUdUIaCr963q2h5u3+QwvYp0+eqPvn+egeqZUm0hwERCqqx1E3kK5ehbGCvqSE5MQAULr67ww0cA3jKc3YkM1w==
  dependencies:
    esbuild "~0.28.0"
  optionalDependencies:
    fsevents "~2.3.3"

typanion@^3.14.0, typanion@^3.8.0:
  version "3.14.0"
  resolved "https://registry.npmjs.org/typanion/-/typanion-3.14.0.tgz"
  integrity sha512-ZW/lVMRabETuYCd9O9ZvMhAh8GslSqaUjxmK/JLPCh6l73CvLBiuXswj/+7LdnWOgYsQ130FqLzFz5aGT4I3Ug==

typedoc-plugin-missing-exports@^4.1.3:
  version "4.1.4"
  resolved "https://registry.npmjs.org/typedoc-plugin-missing-exports/-/typedoc-plugin-missing-exports-4.1.4.tgz"
  integrity sha512-tIay6z6MRb/4+mfWgKNPR6qEM5rz9S8rTiz0JWmSb/66A6AlZIl9q+1lAFygj4n8GHH1fsqKYQNt9JbNcuE0Uw==

typedoc@^0.28.1, typedoc@^0.28.19:
  version "0.28.20"
  resolved "https://registry.npmjs.org/typedoc/-/typedoc-0.28.20.tgz"
  integrity sha512-uSKqkh8Cr48vllnEy+jdaAgOeR6Y+QCBW7usgUsKj7gJEfR7stw9U/fE49LBnj2tPRKPY0c0EBJSWe9Appmplg==
  dependencies:
    "@gerrit0/mini-shiki" "^3.23.0"
    lunr "^2.3.9"
    markdown-it "^14.3.0"
    minimatch "^10.2.5"
    yaml "^2.9.0"

"typescript@5.0.x || 5.1.x || 5.2.x || 5.3.x || 5.4.x || 5.5.x || 5.6.x || 5.7.x || 5.8.x || 5.9.x || 6.0.x", typescript@6.0.3:
  version "6.0.3"
  resolved "https://registry.npmjs.org/typescript/-/typescript-6.0.3.tgz"
  integrity sha512-y2TvuxSZPDyQakkFRPZHKFm+KKVqIisdg9/CZwm9ftvKXLP8NRWj38/ODjNbr43SsoXqNuAisEf1GdCxqWcdBw==

uc.micro@^2.0.0, uc.micro@^2.1.0:
  version "2.1.0"
  resolved "https://registry.npmjs.org/uc.micro/-/uc.micro-2.1.0.tgz"
  integrity sha512-ARDJmphmdvUk6Glw7y9DQ2bFkKBHwQHLi2lsaH6PPmz/Ka9sFOBsBluozhDltWmnv9u/cF6Rt87znRTPV+yp/A==

"undici-types@>=7.24.0 <7.24.7":
  version "7.24.6"
  resolved "https://registry.npmjs.org/undici-types/-/undici-types-7.24.6.tgz"
  integrity sha512-WRNW+sJgj5OBN4/0JpHFqtqzhpbnV0GuB+OozA9gCL7a993SmU+1JBZCzLNxYsbMfIeDL+lTsphD5jN5N+n0zg==

universal-user-agent@^7.0.0, universal-user-agent@^7.0.2:
  version "7.0.3"
  resolved "https://registry.npmjs.org/universal-user-agent/-/universal-user-agent-7.0.3.tgz"
  integrity sha512-TmnEAEAsBJVZM/AADELsK76llnwcf9vMKuPz8JflO1frO8Lchitr0fNaN9d+Ap0BjKtqWqd/J17qeDnXh8CL2A==

yaml@^2.9.0:
  version "2.9.0"
  resolved "https://registry.npmjs.org/yaml/-/yaml-2.9.0.tgz"
  integrity sha512-2AvhNX3mb8zd6Zy7INTtSpl1F15HW6Wnqj0srWlkKLcpYl/gMIMJiyuGq2KeI2YFxUPjdlB+3Lc10seMLtL4cA==
